
Microsoft Visual Studio Solution File, Format Version 12.00
# Visual Studio Version 17
VisualStudioVersion = 17.8.34525.116
MinimumVisualStudioVersion = 10.0.40219.1
Project("{888888A0-9F3D-457C-B088-3A5042F75D52}") = "NeoScraper", "NeoScraper.pyproj", "{731DF115-28CE-49AC-93D0-8D37C364D23F}"
EndProject
Global
	GlobalSection(SolutionConfigurationPlatforms) = preSolution
		Debug|Any CPU = Debug|Any CPU
		Release|Any CPU = Release|Any CPU
	EndGlobalSection
	GlobalSection(ProjectConfigurationPlatforms) = postSolution
		{731DF115-28CE-49AC-93D0-8D37C364D23F}.Debug|Any CPU.ActiveCfg = Debug|Any CPU
		{731DF115-28CE-49AC-93D0-8D37C364D23F}.Release|Any CPU.ActiveCfg = Release|Any CPU
	EndGlobalSection
	GlobalSection(SolutionProperties) = preSolution
		HideSolutionNode = FALSE
	EndGlobalSection
	GlobalSection(ExtensibilityGlobals) = postSolution
		SolutionGuid = {401E9B5C-4470-465E-9A01-FEB19527B8E6}
	EndGlobalSection
EndGlobal
